
Microsoft Visual Studio Solution File, Format Version 12.00
# Visual Studio Version 17
VisualStudioVersion = 17.10.34928.147
MinimumVisualStudioVersion = 10.0.40219.1
Project("{FAE04EC0-301F-11D3-BF4B-00C04F79EFBC}") = "interfaces_prac", "interfaces_prac\interfaces_prac.csproj", "{6F14AE36-1C19-4E18-854E-5251B7ABA5E8}"
EndProject
Global
	GlobalSection(SolutionConfigurationPlatforms) = preSolution
		Debug|Any CPU = Debug|Any CPU
		Release|Any CPU = Release|Any CPU
	EndGlobalSection
	GlobalSection(ProjectConfigurationPlatforms) = postSolution
		{6F14AE36-1C19-4E18-854E-5251B7ABA5E8}.Debug|Any CPU.ActiveCfg = Debug|Any CPU
		{6F14AE36-1C19-4E18-854E-5251B7ABA5E8}.Debug|Any CPU.Build.0 = Debug|Any CPU
		{6F14AE36-1C19-4E18-854E-5251B7ABA5E8}.Release|Any CPU.ActiveCfg = Release|Any CPU
		{6F14AE36-1C19-4E18-854E-5251B7ABA5E8}.Release|Any CPU.Build.0 = Release|Any CPU
	EndGlobalSection
	GlobalSection(SolutionProperties) = preSolution
		HideSolutionNode = FALSE
	EndGlobalSection
	GlobalSection(ExtensibilityGlobals) = postSolution
		SolutionGuid = {5A9FC6D7-C962-4610-8577-022DD7694082}
	EndGlobalSection
EndGlobal
